// !$*UTF8*$!
{
	archiveVersion = 1;
	classes = {
	};
	objectVersion = 55;
	objects = {

/* Begin PBXBuildFile section */
		284AFDB228198AAE00E2BB0F /* AppDelegate.swift in Sources */ = {isa = PBXBuildFile; fileRef = 284AFDB128198AAE00E2BB0F /* AppDelegate.swift */; };
		284AFDB428198AAE00E2BB0F /* SceneDelegate.swift in Sources */ = {isa = PBXBuildFile; fileRef = 284AFDB328198AAE00E2BB0F /* SceneDelegate.swift */; };
		284AFDB628198AAE00E2BB0F /* ViewController.swift in Sources */ = {isa = PBXBuildFile; fileRef = 284AFDB528198AAE00E2BB0F /* ViewController.swift */; };
		284AFDB928198AAE00E2BB0F /* Main.storyboard in Resources */ = {isa = PBXBuildFile; fileRef = 284AFDB728198AAE00E2BB0F /* Main.storyboard */; };
		284AFDBB28198AB000E2BB0F /* Assets.xcassets in Resources */ = {isa = PBXBuildFile; fileRef = 284AFDBA28198AB000E2BB0F /* Assets.xcassets */; };
		284AFDBE28198AB000E2BB0F /* LaunchScreen.storyboard in Resources */ = {isa = PBXBuildFile; fileRef = 284AFDBC28198AB000E2BB0F /* LaunchScreen.storyboard */; };
		284AFDCA2819966100E2BB0F /* AINS in Frameworks */ = {isa = PBXBuildFile; productRef = 284AFDC92819966100E2BB0F /* AINS */; };
		284AFDCC2819966100E2BB0F /* AV1Dec in Frameworks */ = {isa = PBXBuildFile; productRef = 284AFDCB2819966100E2BB0F /* AV1Dec */; };
		284AFDCE2819966100E2BB0F /* ContentInspect in Frameworks */ = {isa = PBXBuildFile; productRef = 284AFDCD2819966100E2BB0F /* ContentInspect */; };
		284AFDD02819966100E2BB0F /* FullAudioFormat in Frameworks */ = {isa = PBXBuildFile; productRef = 284AFDCF2819966100E2BB0F /* FullAudioFormat */; };
		284AFDD22819966100E2BB0F /* ROIEnc in Frameworks */ = {isa = PBXBuildFile; productRef = 284AFDD12819966100E2BB0F /* ROIEnc */; };
		284AFDD42819966100E2BB0F /* ReplayKit in Frameworks */ = {isa = PBXBuildFile; productRef = 284AFDD32819966100E2BB0F /* ReplayKit */; };
		284AFDD62819966100E2BB0F /* RtcBasic in Frameworks */ = {isa = PBXBuildFile; productRef = 284AFDD52819966100E2BB0F /* RtcBasic */; };
		284AFDD82819966100E2BB0F /* SpatialAudio in Frameworks */ = {isa = PBXBuildFile; productRef = 284AFDD72819966100E2BB0F /* SpatialAudio */; };
		284AFDDA2819966100E2BB0F /* SuperResolution in Frameworks */ = {isa = PBXBuildFile; productRef = 284AFDD92819966100E2BB0F /* SuperResolution */; };
		284AFDDC2819966100E2BB0F /* VideoPreprocess in Frameworks */ = {isa = PBXBuildFile; productRef = 284AFDDB2819966100E2BB0F /* VideoPreprocess */; };
		284AFDDE2819966100E2BB0F /* VirtualBackground in Frameworks */ = {isa = PBXBuildFile; productRef = 284AFDDD2819966100E2BB0F /* VirtualBackground */; };
		284AFDE128199D2E00E2BB0F /* Config.swift in Sources */ = {isa = PBXBuildFile; fileRef = 284AFDE028199D2E00E2BB0F /* Config.swift */; };
/* End PBXBuildFile section */

/* Begin PBXFileReference section */
		284AFDAE28198AAE00E2BB0F /* AgoraRotationStoryboard.app */ = {isa = PBXFileReference; explicitFileType = wrapper.application; includeInIndex = 0; path = AgoraRotationStoryboard.app; sourceTree = BUILT_PRODUCTS_DIR; };
		284AFDB128198AAE00E2BB0F /* AppDelegate.swift */ = {isa = PBXFileReference; lastKnownFileType = sourcecode.swift; path = AppDelegate.swift; sourceTree = "<group>"; };
		284AFDB328198AAE00E2BB0F /* SceneDelegate.swift */ = {isa = PBXFileReference; lastKnownFileType = sourcecode.swift; path = SceneDelegate.swift; sourceTree = "<group>"; };
		284AFDB528198AAE00E2BB0F /* ViewController.swift */ = {isa = PBXFileReference; lastKnownFileType = sourcecode.swift; path = ViewController.swift; sourceTree = "<group>"; };
		284AFDB828198AAE00E2BB0F /* Base */ = {isa = PBXFileReference; lastKnownFileType = file.storyboard; name = Base; path = Base.lproj/Main.storyboard; sourceTree = "<group>"; };
		284AFDBA28198AB000E2BB0F /* Assets.xcassets */ = {isa = PBXFileReference; lastKnownFileType = folder.assetcatalog; path = Assets.xcassets; sourceTree = "<group>"; };
		284AFDBD28198AB000E2BB0F /* Base */ = {isa = PBXFileReference; lastKnownFileType = file.storyboard; name = Base; path = Base.lproj/LaunchScreen.storyboard; sourceTree = "<group>"; };
		284AFDBF28198AB000E2BB0F /* Info.plist */ = {isa = PBXFileReference; lastKnownFileType = text.plist.xml; path = Info.plist; sourceTree = "<group>"; };
		284AFDE028199D2E00E2BB0F /* Config.swift */ = {isa = PBXFileReference; lastKnownFileType = sourcecode.swift; path = Config.swift; sourceTree = "<group>"; };
/* End PBXFileReference section */

/* Begin PBXFrameworksBuildPhase section */
		284AFDAB28198AAE00E2BB0F /* Frameworks */ = {
			isa = PBXFrameworksBuildPhase;
			buildActionMask = 2147483647;
			files = (
				284AFDD22819966100E2BB0F /* ROIEnc in Frameworks */,
				284AFDCC2819966100E2BB0F /* AV1Dec in Frameworks */,
				284AFDDC2819966100E2BB0F /* VideoPreprocess in Frameworks */,
				284AFDD42819966100E2BB0F /* ReplayKit in Frameworks */,
				284AFDD62819966100E2BB0F /* RtcBasic in Frameworks */,
				284AFDD82819966100E2BB0F /* SpatialAudio in Frameworks */,
				284AFDD02819966100E2BB0F /* FullAudioFormat in Frameworks */,
				284AFDDA2819966100E2BB0F /* SuperResolution in Frameworks */,
				284AFDCA2819966100E2BB0F /* AINS in Frameworks */,
				284AFDDE2819966100E2BB0F /* VirtualBackground in Frameworks */,
				284AFDCE2819966100E2BB0F /* ContentInspect in Frameworks */,
			);
			runOnlyForDeploymentPostprocessing = 0;
		};
/* End PBXFrameworksBuildPhase section */

/* Begin PBXGroup section */
		284AFDA528198AAE00E2BB0F = {
			isa = PBXGroup;
			children = (
				284AFDB028198AAE00E2BB0F /* AgoraRotationStoryboard */,
				284AFDAF28198AAE00E2BB0F /* Products */,
			);
			sourceTree = "<group>";
		};
		284AFDAF28198AAE00E2BB0F /* Products */ = {
			isa = PBXGroup;
			children = (
				284AFDAE28198AAE00E2BB0F /* AgoraRotationStoryboard.app */,
			);
			name = Products;
			sourceTree = "<group>";
		};
		284AFDB028198AAE00E2BB0F /* AgoraRotationStoryboard */ = {
			isa = PBXGroup;
			children = (
				284AFDB128198AAE00E2BB0F /* AppDelegate.swift */,
				284AFDB328198AAE00E2BB0F /* SceneDelegate.swift */,
				284AFDB528198AAE00E2BB0F /* ViewController.swift */,
				284AFDB728198AAE00E2BB0F /* Main.storyboard */,
				284AFDBA28198AB000E2BB0F /* Assets.xcassets */,
				284AFDBC28198AB000E2BB0F /* LaunchScreen.storyboard */,
				284AFDBF28198AB000E2BB0F /* Info.plist */,
				284AFDE028199D2E00E2BB0F /* Config.swift */,
			);
			path = AgoraRotationStoryboard;
			sourceTree = "<group>";
		};
/* End PBXGroup section */

/* Begin PBXNativeTarget section */
		284AFDAD28198AAE00E2BB0F /* AgoraRotationStoryboard */ = {
			isa = PBXNativeTarget;
			buildConfigurationList = 284AFDC228198AB000E2BB0F /* Build configuration list for PBXNativeTarget "AgoraRotationStoryboard" */;
			buildPhases = (
				284AFDAA28198AAE00E2BB0F /* Sources */,
				284AFDAB28198AAE00E2BB0F /* Frameworks */,
				284AFDAC28198AAE00E2BB0F /* Resources */,
			);
			buildRules = (
			);
			dependencies = (
			);
			name = AgoraRotationStoryboard;
			packageProductDependencies = (
				284AFDC92819966100E2BB0F /* AINS */,
				284AFDCB2819966100E2BB0F /* AV1Dec */,
				284AFDCD2819966100E2BB0F /* ContentInspect */,
				284AFDCF2819966100E2BB0F /* FullAudioFormat */,
				284AFDD12819966100E2BB0F /* ROIEnc */,
				284AFDD32819966100E2BB0F /* ReplayKit */,
				284AFDD52819966100E2BB0F /* RtcBasic */,
				284AFDD72819966100E2BB0F /* SpatialAudio */,
				284AFDD92819966100E2BB0F /* SuperResolution */,
				284AFDDB2819966100E2BB0F /* VideoPreprocess */,
				284AFDDD2819966100E2BB0F /* VirtualBackground */,
			);
			productName = AgoraRotationStoryboard;
			productReference = 284AFDAE28198AAE00E2BB0F /* AgoraRotationStoryboard.app */;
			productType = "com.apple.product-type.application";
		};
/* End PBXNativeTarget section */

/* Begin PBXProject section */
		284AFDA628198AAE00E2BB0F /* Project object */ = {
			isa = PBXProject;
			attributes = {
				BuildIndependentTargetsInParallel = 1;
				LastSwiftUpdateCheck = 1330;
				LastUpgradeCheck = 1330;
				TargetAttributes = {
					284AFDAD28198AAE00E2BB0F = {
						CreatedOnToolsVersion = 13.3.1;
					};
				};
			};
			buildConfigurationList = 284AFDA928198AAE00E2BB0F /* Build configuration list for PBXProject "AgoraRotationStoryboard" */;
			compatibilityVersion = "Xcode 13.0";
			developmentRegion = en;
			hasScannedForEncodings = 0;
			knownRegions = (
				en,
				Base,
			);
			mainGroup = 284AFDA528198AAE00E2BB0F;
			packageReferences = (
				284AFDC82819966100E2BB0F /* XCRemoteSwiftPackageReference "AgoraRtcEngine_iOS" */,
			);
			productRefGroup = 284AFDAF28198AAE00E2BB0F /* Products */;
			projectDirPath = "";
			projectRoot = "";
			targets = (
				284AFDAD28198AAE00E2BB0F /* AgoraRotationStoryboard */,
			);
		};
/* End PBXProject section */

/* Begin PBXResourcesBuildPhase section */
		284AFDAC28198AAE00E2BB0F /* Resources */ = {
			isa = PBXResourcesBuildPhase;
			buildActionMask = 2147483647;
			files = (
				284AFDBE28198AB000E2BB0F /* LaunchScreen.storyboard in Resources */,
				284AFDBB28198AB000E2BB0F /* Assets.xcassets in Resources */,
				284AFDB928198AAE00E2BB0F /* Main.storyboard in Resources */,
			);
			runOnlyForDeploymentPostprocessing = 0;
		};
/* End PBXResourcesBuildPhase section */

/* Begin PBXSourcesBuildPhase section */
		284AFDAA28198AAE00E2BB0F /* Sources */ = {
			isa = PBXSourcesBuildPhase;
			buildActionMask = 2147483647;
			files = (
				284AFDB628198AAE00E2BB0F /* ViewController.swift in Sources */,
				284AFDE128199D2E00E2BB0F /* Config.swift in Sources */,
				284AFDB228198AAE00E2BB0F /* AppDelegate.swift in Sources */,
				284AFDB428198AAE00E2BB0F /* SceneDelegate.swift in Sources */,
			);
			runOnlyForDeploymentPostprocessing = 0;
		};
/* End PBXSourcesBuildPhase section */

/* Begin PBXVariantGroup section */
		284AFDB728198AAE00E2BB0F /* Main.storyboard */ = {
			isa = PBXVariantGroup;
			children = (
				284AFDB828198AAE00E2BB0F /* Base */,
			);
			name = Main.storyboard;
			sourceTree = "<group>";
		};
		284AFDBC28198AB000E2BB0F /* LaunchScreen.storyboard */ = {
			isa = PBXVariantGroup;
			children = (
				284AFDBD28198AB000E2BB0F /* Base */,
			);
			name = LaunchScreen.storyboard;
			sourceTree = "<group>";
		};
/* End PBXVariantGroup section */

/* Begin XCBuildConfiguration section */
		284AFDC028198AB000E2BB0F /* Debug */ = {
			isa = XCBuildConfiguration;
			buildSettings = {
				ALWAYS_SEARCH_USER_PATHS = NO;
				CLANG_ANALYZER_NONNULL = YES;
				CLANG_ANALYZER_NUMBER_OBJECT_CONVERSION = YES_AGGRESSIVE;
				CLANG_CXX_LANGUAGE_STANDARD = "gnu++17";
				CLANG_ENABLE_MODULES = YES;
				CLANG_ENABLE_OBJC_ARC = YES;
				CLANG_ENABLE_OBJC_WEAK = YES;
				CLANG_WARN_BLOCK_CAPTURE_AUTORELEASING = YES;
				CLANG_WARN_BOOL_CONVERSION = YES;
				CLANG_WARN_COMMA = YES;
				CLANG_WARN_CONSTANT_CONVERSION = YES;
				CLANG_WARN_DEPRECATED_OBJC_IMPLEMENTATIONS = YES;
				CLANG_WARN_DIRECT_OBJC_ISA_USAGE = YES_ERROR;
				CLANG_WARN_DOCUMENTATION_COMMENTS = YES;
				CLANG_WARN_EMPTY_BODY = YES;
				CLANG_WARN_ENUM_CONVERSION = YES;
				CLANG_WARN_INFINITE_RECURSION = YES;
				CLANG_WARN_INT_CONVERSION = YES;
				CLANG_WARN_NON_LITERAL_NULL_CONVERSION = YES;
				CLANG_WARN_OBJC_IMPLICIT_RETAIN_SELF = YES;
				CLANG_WARN_OBJC_LITERAL_CONVERSION = YES;
				CLANG_WARN_OBJC_ROOT_CLASS = YES_ERROR;
				CLANG_WARN_QUOTED_INCLUDE_IN_FRAMEWORK_HEADER = YES;
				CLANG_WARN_RANGE_LOOP_ANALYSIS = YES;
				CLANG_WARN_STRICT_PROTOTYPES = YES;
				CLANG_WARN_SUSPICIOUS_MOVE = YES;
				CLANG_WARN_UNGUARDED_AVAILABILITY = YES_AGGRESSIVE;
				CLANG_WARN_UNREACHABLE_CODE = YES;
				CLANG_WARN__DUPLICATE_METHOD_MATCH = YES;
				COPY_PHASE_STRIP = NO;
				DEBUG_INFORMATION_FORMAT = dwarf;
				ENABLE_STRICT_OBJC_MSGSEND = YES;
				ENABLE_TESTABILITY = YES;
				GCC_C_LANGUAGE_STANDARD = gnu11;
				GCC_DYNAMIC_NO_PIC = NO;
				GCC_NO_COMMON_BLOCKS = YES;
				GCC_OPTIMIZATION_LEVEL = 0;
				GCC_PREPROCESSOR_DEFINITIONS = (
					"DEBUG=1",
					"$(inherited)",
				);
				GCC_WARN_64_TO_32_BIT_CONVERSION = YES;
				GCC_WARN_ABOUT_RETURN_TYPE = YES_ERROR;
				GCC_WARN_UNDECLARED_SELECTOR = YES;
				GCC_WARN_UNINITIALIZED_AUTOS = YES_AGGRESSIVE;
				GCC_WARN_UNUSED_FUNCTION = YES;
				GCC_WARN_UNUSED_VARIABLE = YES;
				IPHONEOS_DEPLOYMENT_TARGET = 15.4;
				MTL_ENABLE_DEBUG_INFO = INCLUDE_SOURCE;
				MTL_FAST_MATH = YES;
				ONLY_ACTIVE_ARCH = YES;
				SDKROOT = iphoneos;
				SWIFT_ACTIVE_COMPILATION_CONDITIONS = DEBUG;
				SWIFT_OPTIMIZATION_LEVEL = "-Onone";
			};
			name = Debug;
		};
		284AFDC128198AB000E2BB0F /* Release */ = {
			isa = XCBuildConfiguration;
			buildSettings = {
				ALWAYS_SEARCH_USER_PATHS = NO;
				CLANG_ANALYZER_NONNULL = YES;
				CLANG_ANALYZER_NUMBER_OBJECT_CONVERSION = YES_AGGRESSIVE;
				CLANG_CXX_LANGUAGE_STANDARD = "gnu++17";
				CLANG_ENABLE_MODULES = YES;
				CLANG_ENABLE_OBJC_ARC = YES;
				CLANG_ENABLE_OBJC_WEAK = YES;
				CLANG_WARN_BLOCK_CAPTURE_AUTORELEASING = YES;
				CLANG_WARN_BOOL_CONVERSION = YES;
				CLANG_WARN_COMMA = YES;
				CLANG_WARN_CONSTANT_CONVERSION = YES;
				CLANG_WARN_DEPRECATED_OBJC_IMPLEMENTATIONS = YES;
				CLANG_WARN_DIRECT_OBJC_ISA_USAGE = YES_ERROR;
				CLANG_WARN_DOCUMENTATION_COMMENTS = YES;
				CLANG_WARN_EMPTY_BODY = YES;
				CLANG_WARN_ENUM_CONVERSION = YES;
				CLANG_WARN_INFINITE_RECURSION = YES;
				CLANG_WARN_INT_CONVERSION = YES;
				CLANG_WARN_NON_LITERAL_NULL_CONVERSION = YES;
				CLANG_WARN_OBJC_IMPLICIT_RETAIN_SELF = YES;
				CLANG_WARN_OBJC_LITERAL_CONVERSION = YES;
				CLANG_WARN_OBJC_ROOT_CLASS = YES_ERROR;
				CLANG_WARN_QUOTED_INCLUDE_IN_FRAMEWORK_HEADER = YES;
				CLANG_WARN_RANGE_LOOP_ANALYSIS = YES;
				CLANG_WARN_STRICT_PROTOTYPES = YES;
				CLANG_WARN_SUSPICIOUS_MOVE = YES;
				CLANG_WARN_UNGUARDED_AVAILABILITY = YES_AGGRESSIVE;
				CLANG_WARN_UNREACHABLE_CODE = YES;
				CLANG_WARN__DUPLICATE_METHOD_MATCH = YES;
				COPY_PHASE_STRIP = NO;
				DEBUG_INFORMATION_FORMAT = "dwarf-with-dsym";
				ENABLE_NS_ASSERTIONS = NO;
				ENABLE_STRICT_OBJC_MSGSEND = YES;
				GCC_C_LANGUAGE_STANDARD = gnu11;
				GCC_NO_COMMON_BLOCKS = YES;
				GCC_WARN_64_TO_32_BIT_CONVERSION = YES;
				GCC_WARN_ABOUT_RETURN_TYPE = YES_ERROR;
				GCC_WARN_UNDECLARED_SELECTOR = YES;
				GCC_WARN_UNINITIALIZED_AUTOS = YES_AGGRESSIVE;
				GCC_WARN_UNUSED_FUNCTION = YES;
				GCC_WARN_UNUSED_VARIABLE = YES;
				IPHONEOS_DEPLOYMENT_TARGET = 15.4;
				MTL_ENABLE_DEBUG_INFO = NO;
				MTL_FAST_MATH = YES;
				SDKROOT = iphoneos;
				SWIFT_COMPILATION_MODE = wholemodule;
				SWIFT_OPTIMIZATION_LEVEL = "-O";
				VALIDATE_PRODUCT = YES;
			};
			name = Release;
		};
		284AFDC328198AB000E2BB0F /* Debug */ = {
			isa = XCBuildConfiguration;
			buildSettings = {
				ASSETCATALOG_COMPILER_APPICON_NAME = AppIcon;
				ASSETCATALOG_COMPILER_GLOBAL_ACCENT_COLOR_NAME = AccentColor;
				CODE_SIGN_STYLE = Automatic;
				CURRENT_PROJECT_VERSION = 1;
				DEVELOPMENT_TEAM = AZ59WCD7SF;
				GENERATE_INFOPLIST_FILE = YES;
				INFOPLIST_FILE = AgoraRotationStoryboard/Info.plist;
				INFOPLIST_KEY_UIApplicationSupportsIndirectInputEvents = YES;
				INFOPLIST_KEY_UILaunchStoryboardName = LaunchScreen;
				INFOPLIST_KEY_UIMainStoryboardFile = Main;
				INFOPLIST_KEY_UISupportedInterfaceOrientations_iPad = "UIInterfaceOrientationPortrait UIInterfaceOrientationPortraitUpsideDown UIInterfaceOrientationLandscapeLeft UIInterfaceOrientationLandscapeRight";
				INFOPLIST_KEY_UISupportedInterfaceOrientations_iPhone = "UIInterfaceOrientationPortrait UIInterfaceOrientationLandscapeLeft UIInterfaceOrientationLandscapeRight";
				IPHONEOS_DEPLOYMENT_TARGET = 15.0;
				LD_RUNPATH_SEARCH_PATHS = (
					"$(inherited)",
					"@executable_path/Frameworks",
				);
				MARKETING_VERSION = 1.0;
				PRODUCT_BUNDLE_IDENTIFIER = io.agora.AgoraRotationStoryboard;
				PRODUCT_NAME = "$(TARGET_NAME)";
				SWIFT_EMIT_LOC_STRINGS = YES;
				SWIFT_VERSION = 5.0;
				TARGETED_DEVICE_FAMILY = "1,2";
			};
			name = Debug;
		};
		284AFDC428198AB000E2BB0F /* Release */ = {
			isa = XCBuildConfiguration;
			buildSettings = {
				ASSETCATALOG_COMPILER_APPICON_NAME = AppIcon;
				ASSETCATALOG_COMPILER_GLOBAL_ACCENT_COLOR_NAME = AccentColor;
				CODE_SIGN_STYLE = Automatic;
				CURRENT_PROJECT_VERSION = 1;
				DEVELOPMENT_TEAM = AZ59WCD7SF;
				GENERATE_INFOPLIST_FILE = YES;
				INFOPLIST_FILE = AgoraRotationStoryboard/Info.plist;
				INFOPLIST_KEY_UIApplicationSupportsIndirectInputEvents = YES;
				INFOPLIST_KEY_UILaunchStoryboardName = LaunchScreen;
				INFOPLIST_KEY_UIMainStoryboardFile = Main;
				INFOPLIST_KEY_UISupportedInterfaceOrientations_iPad = "UIInterfaceOrientationPortrait UIInterfaceOrientationPortraitUpsideDown UIInterfaceOrientationLandscapeLeft UIInterfaceOrientationLandscapeRight";
				INFOPLIST_KEY_UISupportedInterfaceOrientations_iPhone = "UIInterfaceOrientationPortrait UIInterfaceOrientationLandscapeLeft UIInterfaceOrientationLandscapeRight";
				IPHONEOS_DEPLOYMENT_TARGET = 15.0;
				LD_RUNPATH_SEARCH_PATHS = (
					"$(inherited)",
					"@executable_path/Frameworks",
				);
				MARKETING_VERSION = 1.0;
				PRODUCT_BUNDLE_IDENTIFIER = io.agora.AgoraRotationStoryboard;
				PRODUCT_NAME = "$(TARGET_NAME)";
				SWIFT_EMIT_LOC_STRINGS = YES;
				SWIFT_VERSION = 5.0;
				TARGETED_DEVICE_FAMILY = "1,2";
			};
			name = Release;
		};
/* End XCBuildConfiguration section */

/* Begin XCConfigurationList section */
		284AFDA928198AAE00E2BB0F /* Build configuration list for PBXProject "AgoraRotationStoryboard" */ = {
			isa = XCConfigurationList;
			buildConfigurations = (
				284AFDC028198AB000E2BB0F /* Debug */,
				284AFDC128198AB000E2BB0F /* Release */,
			);
			defaultConfigurationIsVisible = 0;
			defaultConfigurationName = Release;
		};
		284AFDC228198AB000E2BB0F /* Build configuration list for PBXNativeTarget "AgoraRotationStoryboard" */ = {
			isa = XCConfigurationList;
			buildConfigurations = (
				284AFDC328198AB000E2BB0F /* Debug */,
				284AFDC428198AB000E2BB0F /* Release */,
			);
			defaultConfigurationIsVisible = 0;
			defaultConfigurationName = Release;
		};
/* End XCConfigurationList section */

/* Begin XCRemoteSwiftPackageReference section */
		284AFDC82819966100E2BB0F /* XCRemoteSwiftPackageReference "AgoraRtcEngine_iOS" */ = {
			isa = XCRemoteSwiftPackageReference;
			repositoryURL = "https://github.com/AgoraIO/AgoraRtcEngine_iOS";
			requirement = {
				branch = main;
				kind = branch;
			};
		};
/* End XCRemoteSwiftPackageReference section */

/* Begin XCSwiftPackageProductDependency section */
		284AFDC92819966100E2BB0F /* AINS */ = {
			isa = XCSwiftPackageProductDependency;
			package = 284AFDC82819966100E2BB0F /* XCRemoteSwiftPackageReference "AgoraRtcEngine_iOS" */;
			productName = AINS;
		};
		284AFDCB2819966100E2BB0F /* AV1Dec */ = {
			isa = XCSwiftPackageProductDependency;
			package = 284AFDC82819966100E2BB0F /* XCRemoteSwiftPackageReference "AgoraRtcEngine_iOS" */;
			productName = AV1Dec;
		};
		284AFDCD2819966100E2BB0F /* ContentInspect */ = {
			isa = XCSwiftPackageProductDependency;
			package = 284AFDC82819966100E2BB0F /* XCRemoteSwiftPackageReference "AgoraRtcEngine_iOS" */;
			productName = ContentInspect;
		};
		284AFDCF2819966100E2BB0F /* FullAudioFormat */ = {
			isa = XCSwiftPackageProductDependency;
			package = 284AFDC82819966100E2BB0F /* XCRemoteSwiftPackageReference "AgoraRtcEngine_iOS" */;
			productName = FullAudioFormat;
		};
		284AFDD12819966100E2BB0F /* ROIEnc */ = {
			isa = XCSwiftPackageProductDependency;
			package = 284AFDC82819966100E2BB0F /* XCRemoteSwiftPackageReference "AgoraRtcEngine_iOS" */;
			productName = ROIEnc;
		};
		284AFDD32819966100E2BB0F /* ReplayKit */ = {
			isa = XCSwiftPackageProductDependency;
			package = 284AFDC82819966100E2BB0F /* XCRemoteSwiftPackageReference "AgoraRtcEngine_iOS" */;
			productName = ReplayKit;
		};
		284AFDD52819966100E2BB0F /* RtcBasic */ = {
			isa = XCSwiftPackageProductDependency;
			package = 284AFDC82819966100E2BB0F /* XCRemoteSwiftPackageReference "AgoraRtcEngine_iOS" */;
			productName = RtcBasic;
		};
		284AFDD72819966100E2BB0F /* SpatialAudio */ = {
			isa = XCSwiftPackageProductDependency;
			package = 284AFDC82819966100E2BB0F /* XCRemoteSwiftPackageReference "AgoraRtcEngine_iOS" */;
			productName = SpatialAudio;
		};
		284AFDD92819966100E2BB0F /* SuperResolution */ = {
			isa = XCSwiftPackageProductDependency;
			package = 284AFDC82819966100E2BB0F /* XCRemoteSwiftPackageReference "AgoraRtcEngine_iOS" */;
			productName = SuperResolution;
		};
		284AFDDB2819966100E2BB0F /* VideoPreprocess */ = {
			isa = XCSwiftPackageProductDependency;
			package = 284AFDC82819966100E2BB0F /* XCRemoteSwiftPackageReference "AgoraRtcEngine_iOS" */;
			productName = VideoPreprocess;
		};
		284AFDDD2819966100E2BB0F /* VirtualBackground */ = {
			isa = XCSwiftPackageProductDependency;
			package = 284AFDC82819966100E2BB0F /* XCRemoteSwiftPackageReference "AgoraRtcEngine_iOS" */;
			productName = VirtualBackground;
		};
/* End XCSwiftPackageProductDependency section */
	};
	rootObject = 284AFDA628198AAE00E2BB0F /* Project object */;
}
